
Microsoft Visual Studio Solution File, Format Version 12.00
# Visual Studio Version 17
VisualStudioVersion = 17.11.35327.3
MinimumVisualStudioVersion = 10.0.40219.1
Project("{FAE04EC0-301F-11D3-BF4B-00C04F79EFBC}") = "PJSekai-Classes", "PJSekai-Classes\PJSekai-Classes.csproj", "{25544FC7-D343-4268-9D88-FE0FCA5648B3}"
EndProject
Global
	GlobalSection(SolutionConfigurationPlatforms) = preSolution
		Debug|Any CPU = Debug|Any CPU
		Release|Any CPU = Release|Any CPU
	EndGlobalSection
	GlobalSection(ProjectConfigurationPlatforms) = postSolution
		{25544FC7-D343-4268-9D88-FE0FCA5648B3}.Debug|Any CPU.ActiveCfg = Debug|Any CPU
		{25544FC7-D343-4268-9D88-FE0FCA5648B3}.Debug|Any CPU.Build.0 = Debug|Any CPU
		{25544FC7-D343-4268-9D88-FE0FCA5648B3}.Release|Any CPU.ActiveCfg = Release|Any CPU
		{25544FC7-D343-4268-9D88-FE0FCA5648B3}.Release|Any CPU.Build.0 = Release|Any CPU
	EndGlobalSection
	GlobalSection(SolutionProperties) = preSolution
		HideSolutionNode = FALSE
	EndGlobalSection
	GlobalSection(ExtensibilityGlobals) = postSolution
		SolutionGuid = {0F3DA306-2926-4557-972F-807B6B637866}
	EndGlobalSection
EndGlobal
